<?xml version="1.0" encoding="utf-8"?>
<Project ToolsVersion="4.0" xmlns="http://schemas.microsoft.com/developer/msbuild/2003">
  <ItemGroup>
    <Filter Include="Source Files">
      <UniqueIdentifier>{4FC737F1-C7A5-4376-A066-2A32D752A2FF}</UniqueIdentifier>
      <Extensions>cpp;c;cc;cxx;def;odl;idl;hpj;bat;asm;asmx</Extensions>
    </Filter>
    <Filter Include="Header Files">
      <UniqueIdentifier>{93995380-89BD-4b04-88EB-625FBE52EBFB}</UniqueIdentifier>
      <Extensions>h;hh;hpp;hxx;hm;inl;inc;xsd</Extensions>
    </Filter>
    <Filter Include="Resource Files">
      <UniqueIdentifier>{67DA6AB6-F800-4c08-8B7A-83BB121AAD01}</UniqueIdentifier>
      <Extensions>rc;ico;cur;bmp;dlg;rc2;rct;bin;rgs;gif;jpg;jpeg;jpe;resx;tiff;tif;png;wav;mfcribbon-ms</Extensions>
    </Filter>
    <Filter Include="Framework">
      <UniqueIdentifier>{466a0282-4e0a-4798-a2e8-7652e7ce508c}</UniqueIdentifier>
    </Filter>
  </ItemGroup>
  <ItemGroup>
    <ClCompile Include="Framework\CMainApp.cpp">
      <Filter>Framework</Filter>
    </ClCompile>
    <ClCompile Include="Framework\CMainFrame.cpp">
      <Filter>Framework</Filter>
    </ClCompile>
    <ClCompile Include="Framework\getdxver.cpp">
      <Filter>Framework</Filter>
    </ClCompile>
    <ClCompile Include="Framework\listbox.cpp">
      <Filter>Framework</Filter>
    </ClCompile>
    <ClCompile Include="Framework\Splash.cpp">
      <Filter>Framework</Filter>
    </ClCompile>
    <ClCompile Include="Framework\win_support.cpp">
      <Filter>Framework</Filter>
    </ClCompile>
    <ClCompile Include="Application\main.cpp">
      <Filter>Source Files</Filter>
    </ClCompile>
  </ItemGroup>
  <ItemGroup>
    <ClInclude Include="Framework\CMainApp.h">
      <Filter>Framework</Filter>
    </ClInclude>
    <ClInclude Include="Framework\CMainFrame.h">
      <Filter>Framework</Filter>
    </ClInclude>
    <ClInclude Include="Framework\getdxver.h">
      <Filter>Framework</Filter>
    </ClInclude>
    <ClInclude Include="Framework\listbox.h">
      <Filter>Framework</Filter>
    </ClInclude>
    <ClInclude Include="Framework\resource.h">
      <Filter>Framework</Filter>
    </ClInclude>
    <ClInclude Include="Framework\Splash.h">
      <Filter>Framework</Filter>
    </ClInclude>
    <ClInclude Include="Framework\version.h">
      <Filter>Framework</Filter>
    </ClInclude>
    <ClInclude Include="Framework\wdp.h">
      <Filter>Framework</Filter>
    </ClInclude>
    <ClInclude Include="Framework\win_support.h">
      <Filter>Framework</Filter>
    </ClInclude>
    <ClInclude Include="Application\dp.h">
      <Filter>Header Files</Filter>
    </ClInclude>
    <ClInclude Include="Application\main.h">
      <Filter>Header Files</Filter>
    </ClInclude>
  </ItemGroup>
  <ItemGroup>
    <None Include="Framework\framework.aps">
      <Filter>Framework</Filter>
    </None>
  </ItemGroup>
  <ItemGroup>
    <ResourceCompile Include="Framework\framework.rc">
      <Filter>Framework</Filter>
    </ResourceCompile>
  </ItemGroup>
  <ItemGroup>
    <Image Include="Framework\icon1.ico">
      <Filter>Framework</Filter>
    </Image>
  </ItemGroup>
</Project>